
Microsoft Visual Studio Solution File, Format Version 12.00
# Visual Studio Version 17
VisualStudioVersion = 17.5.002.0
MinimumVisualStudioVersion = 10.0.40219.1
Project("{9A19103F-16F7-4668-BE54-9A1E7A4F7556}") = "BlazorApp", "BlazorApp.csproj", "{75421698-5002-499B-86AF-3FD97CAFD0E4}"
EndProject
Global
	GlobalSection(SolutionConfigurationPlatforms) = preSolution
		Debug|Any CPU = Debug|Any CPU
		Release|Any CPU = Release|Any CPU
	EndGlobalSection
	GlobalSection(ProjectConfigurationPlatforms) = postSolution
		{75421698-5002-499B-86AF-3FD97CAFD0E4}.Debug|Any CPU.ActiveCfg = Debug|Any CPU
		{75421698-5002-499B-86AF-3FD97CAFD0E4}.Debug|Any CPU.Build.0 = Debug|Any CPU
		{75421698-5002-499B-86AF-3FD97CAFD0E4}.Release|Any CPU.ActiveCfg = Release|Any CPU
		{75421698-5002-499B-86AF-3FD97CAFD0E4}.Release|Any CPU.Build.0 = Release|Any CPU
	EndGlobalSection
	GlobalSection(SolutionProperties) = preSolution
		HideSolutionNode = FALSE
	EndGlobalSection
	GlobalSection(ExtensibilityGlobals) = postSolution
		SolutionGuid = {C63A7821-EEAA-4549-964B-AC68D483DC00}
	EndGlobalSection
EndGlobal
